PODS:
  - NXOAuth2Client (1.2.8)
  - SDWebImage (3.7.6):
    - SDWebImage/Core (= 3.7.6)
  - SDWebImage/Core (3.7.6)

DEPENDENCIES:
  - NXOAuth2Client (~> 1.2.8)
  - SDWebImage (~> 3.7.4)

SPEC CHECKSUMS:
  NXOAuth2Client: 98c4d4c594edd2b289cfc34a8928653e1dab7adf
  SDWebImage: c325cf02c30337336b95beff20a13df489ec0ec9

PODFILE CHECKSUM: 2af72491926df553509e44cdf93512e803862089

COCOAPODS: 1.0.0
