PODS:
  - NXOAuth2Client (1.2.8)
  - SDWebImage (3.7.2):
    - SDWebImage/Core (= 3.7.2)
  - SDWebImage/Core (3.7.2)
  - UIColor-HexString (1.1.0)

DEPENDENCIES:
  - NXOAuth2Client (~> 1.2.8)
  - SDWebImage
  - UIColor-HexString

SPEC CHECKSUMS:
  NXOAuth2Client: fa81be68c9ce628202028ae037c9c92cfbb37865
  SDWebImage: 71b7cdc1d1721d6a82ed62889030225f2c249e29
  UIColor-HexString: a9eabf02c1a2f9036ed6ac9cb2a3ea086f3b39e4

COCOAPODS: 0.35.0
