// !$*UTF8*$!
{
	archiveVersion = 1;
	classes = {
	};
	objectVersion = 46;
	objects = {

/* Begin PBXBuildFile section */
		1270DA891F8671350003A9A3 /* videocam_white.png in Resources */ = {isa = PBXBuildFile; fileRef = 1270DA801F8671310003A9A3 /* videocam_white.png */; };
		1270DA8A1F8671350003A9A3 /* OLInstagramImagePickerViewController.xib in Resources */ = {isa = PBXBuildFile; fileRef = 1270DA811F8671310003A9A3 /* OLInstagramImagePickerViewController.xib */; };
		1270DA8B1F8671350003A9A3 /* videocam_white@3x.png in Resources */ = {isa = PBXBuildFile; fileRef = 1270DA821F8671310003A9A3 /* videocam_white@3x.png */; };
		1270DA8D1F8671350003A9A3 /* videocam_white@2x.png in Resources */ = {isa = PBXBuildFile; fileRef = 1270DA841F8671310003A9A3 /* videocam_white@2x.png */; };
		1270DA8E1F8671350003A9A3 /* OLInstagramLoginWebViewController.xib in Resources */ = {isa = PBXBuildFile; fileRef = 1270DA851F8671310003A9A3 /* OLInstagramLoginWebViewController.xib */; };
		1270DA8F1F8671350003A9A3 /* CTAssetsPickerChecked@2x.png in Resources */ = {isa = PBXBuildFile; fileRef = 1270DA861F8671310003A9A3 /* CTAssetsPickerChecked@2x.png */; };
		1270DA901F8671350003A9A3 /* CTAssetsPickerChecked.png in Resources */ = {isa = PBXBuildFile; fileRef = 1270DA871F8671310003A9A3 /* CTAssetsPickerChecked.png */; };
		2E5BDC461CEDEA1D00257B1A /* OLInstagramImageDownloadDelegate.m in Sources */ = {isa = PBXBuildFile; fileRef = 2E5BDC431CEDEA1D00257B1A /* OLInstagramImageDownloadDelegate.m */; };
		2E5BDC471CEDEA1D00257B1A /* OLInstagramImageDownloader.m in Sources */ = {isa = PBXBuildFile; fileRef = 2E5BDC451CEDEA1D00257B1A /* OLInstagramImageDownloader.m */; };
		3D0D7AC61AC070F300746FC8 /* UIImageView+InstagramFadeIn.m in Sources */ = {isa = PBXBuildFile; fileRef = 3D0D7AC51AC070F300746FC8 /* UIImageView+InstagramFadeIn.m */; };
		3D9DE3B01ADB1F2B001E1FA1 /* Default-568h@2x.png in Resources */ = {isa = PBXBuildFile; fileRef = 3D9DE3AF1ADB1F2B001E1FA1 /* Default-568h@2x.png */; };
		475DF669E2016AD7BF730664 /* libPods-InstagramImagePicker.a in Frameworks */ = {isa = PBXBuildFile; fileRef = 09D8107F4D92672EE8BD1762 /* libPods-InstagramImagePicker.a */; };
		CD96215A185B77BF007FFBE6 /* Foundation.framework in Frameworks */ = {isa = PBXBuildFile; fileRef = CD962159185B77BF007FFBE6 /* Foundation.framework */; };
		CD96215C185B77BF007FFBE6 /* CoreGraphics.framework in Frameworks */ = {isa = PBXBuildFile; fileRef = CD96215B185B77BF007FFBE6 /* CoreGraphics.framework */; };
		CD96215E185B77BF007FFBE6 /* UIKit.framework in Frameworks */ = {isa = PBXBuildFile; fileRef = CD96215D185B77BF007FFBE6 /* UIKit.framework */; };
		CD962164185B77BF007FFBE6 /* InfoPlist.strings in Resources */ = {isa = PBXBuildFile; fileRef = CD962162185B77BF007FFBE6 /* InfoPlist.strings */; };
		CD962166185B77BF007FFBE6 /* main.m in Sources */ = {isa = PBXBuildFile; fileRef = CD962165185B77BF007FFBE6 /* main.m */; };
		CD96216A185B77BF007FFBE6 /* AppDelegate.m in Sources */ = {isa = PBXBuildFile; fileRef = CD962169185B77BF007FFBE6 /* AppDelegate.m */; };
		CD96216D185B77BF007FFBE6 /* Main.storyboard in Resources */ = {isa = PBXBuildFile; fileRef = CD96216B185B77BF007FFBE6 /* Main.storyboard */; };
		CD962170185B77BF007FFBE6 /* ViewController.m in Sources */ = {isa = PBXBuildFile; fileRef = CD96216F185B77BF007FFBE6 /* ViewController.m */; };
		CD962179185B77BF007FFBE6 /* XCTest.framework in Frameworks */ = {isa = PBXBuildFile; fileRef = CD962178185B77BF007FFBE6 /* XCTest.framework */; };
		CD96217A185B77BF007FFBE6 /* Foundation.framework in Frameworks */ = {isa = PBXBuildFile; fileRef = CD962159185B77BF007FFBE6 /* Foundation.framework */; };
		CD96217B185B77BF007FFBE6 /* UIKit.framework in Frameworks */ = {isa = PBXBuildFile; fileRef = CD96215D185B77BF007FFBE6 /* UIKit.framework */; };
		CD962183185B77BF007FFBE6 /* InfoPlist.strings in Resources */ = {isa = PBXBuildFile; fileRef = CD962181185B77BF007FFBE6 /* InfoPlist.strings */; };
		CD962185185B77BF007FFBE6 /* InstagramImagePickerTests.m in Sources */ = {isa = PBXBuildFile; fileRef = CD962184185B77BF007FFBE6 /* InstagramImagePickerTests.m */; };
		CD962193185B7824007FFBE6 /* OLInstagramImagePickerController.m in Sources */ = {isa = PBXBuildFile; fileRef = CD962190185B7824007FFBE6 /* OLInstagramImagePickerController.m */; };
		CD962194185B7824007FFBE6 /* OLInstagramLoginWebViewController.m in Sources */ = {isa = PBXBuildFile; fileRef = CD962192185B7824007FFBE6 /* OLInstagramLoginWebViewController.m */; };
		CD96219D185B7928007FFBE6 /* OLInstagramMediaRequest.m in Sources */ = {isa = PBXBuildFile; fileRef = CD962198185B7928007FFBE6 /* OLInstagramMediaRequest.m */; };
		CD96219E185B7928007FFBE6 /* OLInstagramMedia.m in Sources */ = {isa = PBXBuildFile; fileRef = CD96219A185B7928007FFBE6 /* OLInstagramMedia.m */; };
		CD96219F185B7928007FFBE6 /* OLInstagramImagePickerConstants.m in Sources */ = {isa = PBXBuildFile; fileRef = CD96219C185B7928007FFBE6 /* OLInstagramImagePickerConstants.m */; };
		CD9621A3185B7937007FFBE6 /* OLInstagramImagePickerCell.m in Sources */ = {isa = PBXBuildFile; fileRef = CD9621A2185B7937007FFBE6 /* OLInstagramImagePickerCell.m */; };
/* End PBXBuildFile section */

/* Begin PBXContainerItemProxy section */
		CD96217C185B77BF007FFBE6 /* PBXContainerItemProxy */ = {
			isa = PBXContainerItemProxy;
			containerPortal = CD96214E185B77BF007FFBE6 /* Project object */;
			proxyType = 1;
			remoteGlobalIDString = CD962155185B77BF007FFBE6;
			remoteInfo = InstagramImagePicker;
		};
/* End PBXContainerItemProxy section */

/* Begin PBXFileReference section */
		09D8107F4D92672EE8BD1762 /* libPods-InstagramImagePicker.a */ = {isa = PBXFileReference; explicitFileType = archive.ar; includeInIndex = 0; path = "libPods-InstagramImagePicker.a"; sourceTree = BUILT_PRODUCTS_DIR; };
		0C632759218AC3E6CE595F2F /* Pods-InstagramImagePicker.release.xcconfig */ = {isa = PBXFileReference; includeInIndex = 1; lastKnownFileType = text.xcconfig; name = "Pods-InstagramImagePicker.release.xcconfig"; path = "Pods/Target Support Files/Pods-InstagramImagePicker/Pods-InstagramImagePicker.release.xcconfig"; sourceTree = "<group>"; };
		1270DA801F8671310003A9A3 /* videocam_white.png */ = {isa = PBXFileReference; lastKnownFileType = image.png; path = videocam_white.png; sourceTree = "<group>"; };
		1270DA811F8671310003A9A3 /* OLInstagramImagePickerViewController.xib */ = {isa = PBXFileReference; lastKnownFileType = file.xib; path = OLInstagramImagePickerViewController.xib; sourceTree = "<group>"; };
		1270DA821F8671310003A9A3 /* videocam_white@3x.png */ = {isa = PBXFileReference; lastKnownFileType = image.png; path = "videocam_white@3x.png"; sourceTree = "<group>"; };
		1270DA841F8671310003A9A3 /* videocam_white@2x.png */ = {isa = PBXFileReference; lastKnownFileType = image.png; path = "videocam_white@2x.png"; sourceTree = "<group>"; };
		1270DA851F8671310003A9A3 /* OLInstagramLoginWebViewController.xib */ = {isa = PBXFileReference; lastKnownFileType = file.xib; path = OLInstagramLoginWebViewController.xib; sourceTree = "<group>"; };
		1270DA861F8671310003A9A3 /* CTAssetsPickerChecked@2x.png */ = {isa = PBXFileReference; lastKnownFileType = image.png; path = "CTAssetsPickerChecked@2x.png"; sourceTree = "<group>"; };
		1270DA871F8671310003A9A3 /* CTAssetsPickerChecked.png */ = {isa = PBXFileReference; lastKnownFileType = image.png; path = CTAssetsPickerChecked.png; sourceTree = "<group>"; };
		2E5BDC421CEDEA1D00257B1A /* OLInstagramImageDownloadDelegate.h */ = {isa = PBXFileReference; fileEncoding = 4; lastKnownFileType = sourcecode.c.h; path = OLInstagramImageDownloadDelegate.h; sourceTree = "<group>"; };
		2E5BDC431CEDEA1D00257B1A /* OLInstagramImageDownloadDelegate.m */ = {isa = PBXFileReference; fileEncoding = 4; lastKnownFileType = sourcecode.c.objc; path = OLInstagramImageDownloadDelegate.m; sourceTree = "<group>"; };
		2E5BDC441CEDEA1D00257B1A /* OLInstagramImageDownloader.h */ = {isa = PBXFileReference; fileEncoding = 4; lastKnownFileType = sourcecode.c.h; path = OLInstagramImageDownloader.h; sourceTree = "<group>"; };
		2E5BDC451CEDEA1D00257B1A /* OLInstagramImageDownloader.m */ = {isa = PBXFileReference; fileEncoding = 4; lastKnownFileType = sourcecode.c.objc; path = OLInstagramImageDownloader.m; sourceTree = "<group>"; };
		3403DB5F154A3C46188C383D /* Pods-InstagramImagePicker.debug.xcconfig */ = {isa = PBXFileReference; includeInIndex = 1; lastKnownFileType = text.xcconfig; name = "Pods-InstagramImagePicker.debug.xcconfig"; path = "Pods/Target Support Files/Pods-InstagramImagePicker/Pods-InstagramImagePicker.debug.xcconfig"; sourceTree = "<group>"; };
		3D0D7AC41AC070F300746FC8 /* UIImageView+InstagramFadeIn.h */ = {isa = PBXFileReference; fileEncoding = 4; lastKnownFileType = sourcecode.c.h; path = "UIImageView+InstagramFadeIn.h"; sourceTree = "<group>"; };
		3D0D7AC51AC070F300746FC8 /* UIImageView+InstagramFadeIn.m */ = {isa = PBXFileReference; fileEncoding = 4; lastKnownFileType = sourcecode.c.objc; path = "UIImageView+InstagramFadeIn.m"; sourceTree = "<group>"; };
		3D9DE3AF1ADB1F2B001E1FA1 /* Default-568h@2x.png */ = {isa = PBXFileReference; lastKnownFileType = image.png; path = "Default-568h@2x.png"; sourceTree = "<group>"; };
		CD962156185B77BF007FFBE6 /* InstagramImagePicker.app */ = {isa = PBXFileReference; explicitFileType = wrapper.application; includeInIndex = 0; path = InstagramImagePicker.app; sourceTree = BUILT_PRODUCTS_DIR; };
		CD962159185B77BF007FFBE6 /* Foundation.framework */ = {isa = PBXFileReference; lastKnownFileType = wrapper.framework; name = Foundation.framework; path = System/Library/Frameworks/Foundation.framework; sourceTree = SDKROOT; };
		CD96215B185B77BF007FFBE6 /* CoreGraphics.framework */ = {isa = PBXFileReference; lastKnownFileType = wrapper.framework; name = CoreGraphics.framework; path = System/Library/Frameworks/CoreGraphics.framework; sourceTree = SDKROOT; };
		CD96215D185B77BF007FFBE6 /* UIKit.framework */ = {isa = PBXFileReference; lastKnownFileType = wrapper.framework; name = UIKit.framework; path = System/Library/Frameworks/UIKit.framework; sourceTree = SDKROOT; };
		CD962161185B77BF007FFBE6 /* InstagramImagePicker-Info.plist */ = {isa = PBXFileReference; lastKnownFileType = text.plist.xml; path = "InstagramImagePicker-Info.plist"; sourceTree = "<group>"; };
		CD962163185B77BF007FFBE6 /* en */ = {isa = PBXFileReference; lastKnownFileType = text.plist.strings; name = en; path = en.lproj/InfoPlist.strings; sourceTree = "<group>"; };
		CD962165185B77BF007FFBE6 /* main.m */ = {isa = PBXFileReference; lastKnownFileType = sourcecode.c.objc; path = main.m; sourceTree = "<group>"; };
		CD962167185B77BF007FFBE6 /* InstagramImagePicker-Prefix.pch */ = {isa = PBXFileReference; lastKnownFileType = sourcecode.c.h; path = "InstagramImagePicker-Prefix.pch"; sourceTree = "<group>"; };
		CD962168185B77BF007FFBE6 /* AppDelegate.h */ = {isa = PBXFileReference; lastKnownFileType = sourcecode.c.h; name = AppDelegate.h; path = InstagramImagePicker/AppDelegate.h; sourceTree = "<group>"; };
		CD962169185B77BF007FFBE6 /* AppDelegate.m */ = {isa = PBXFileReference; lastKnownFileType = sourcecode.c.objc; name = AppDelegate.m; path = InstagramImagePicker/AppDelegate.m; sourceTree = "<group>"; };
		CD96216C185B77BF007FFBE6 /* Base */ = {isa = PBXFileReference; lastKnownFileType = file.storyboard; name = Base; path = Base.lproj/Main.storyboard; sourceTree = "<group>"; };
		CD96216E185B77BF007FFBE6 /* ViewController.h */ = {isa = PBXFileReference; lastKnownFileType = sourcecode.c.h; name = ViewController.h; path = InstagramImagePicker/ViewController.h; sourceTree = "<group>"; };
		CD96216F185B77BF007FFBE6 /* ViewController.m */ = {isa = PBXFileReference; lastKnownFileType = sourcecode.c.objc; name = ViewController.m; path = InstagramImagePicker/ViewController.m; sourceTree = "<group>"; };
		CD962177185B77BF007FFBE6 /* InstagramImagePickerTests.xctest */ = {isa = PBXFileReference; explicitFileType = wrapper.cfbundle; includeInIndex = 0; path = InstagramImagePickerTests.xctest; sourceTree = BUILT_PRODUCTS_DIR; };
		CD962178185B77BF007FFBE6 /* XCTest.framework */ = {isa = PBXFileReference; lastKnownFileType = wrapper.framework; name = XCTest.framework; path = Library/Frameworks/XCTest.framework; sourceTree = DEVELOPER_DIR; };
		CD962180185B77BF007FFBE6 /* InstagramImagePickerTests-Info.plist */ = {isa = PBXFileReference; lastKnownFileType = text.plist.xml; path = "InstagramImagePickerTests-Info.plist"; sourceTree = "<group>"; };
		CD962182185B77BF007FFBE6 /* en */ = {isa = PBXFileReference; lastKnownFileType = text.plist.strings; name = en; path = en.lproj/InfoPlist.strings; sourceTree = "<group>"; };
		CD962184185B77BF007FFBE6 /* InstagramImagePickerTests.m */ = {isa = PBXFileReference; lastKnownFileType = sourcecode.c.objc; path = InstagramImagePickerTests.m; sourceTree = "<group>"; };
		CD96218F185B7824007FFBE6 /* OLInstagramImagePickerController.h */ = {isa = PBXFileReference; fileEncoding = 4; lastKnownFileType = sourcecode.c.h; path = OLInstagramImagePickerController.h; sourceTree = "<group>"; };
		CD962190185B7824007FFBE6 /* OLInstagramImagePickerController.m */ = {isa = PBXFileReference; fileEncoding = 4; lastKnownFileType = sourcecode.c.objc; path = OLInstagramImagePickerController.m; sourceTree = "<group>"; };
		CD962191185B7824007FFBE6 /* OLInstagramLoginWebViewController.h */ = {isa = PBXFileReference; fileEncoding = 4; lastKnownFileType = sourcecode.c.h; path = OLInstagramLoginWebViewController.h; sourceTree = "<group>"; };
		CD962192185B7824007FFBE6 /* OLInstagramLoginWebViewController.m */ = {isa = PBXFileReference; fileEncoding = 4; lastKnownFileType = sourcecode.c.objc; path = OLInstagramLoginWebViewController.m; sourceTree = "<group>"; };
		CD962197185B7928007FFBE6 /* OLInstagramMediaRequest.h */ = {isa = PBXFileReference; fileEncoding = 4; lastKnownFileType = sourcecode.c.h; path = OLInstagramMediaRequest.h; sourceTree = "<group>"; };
		CD962198185B7928007FFBE6 /* OLInstagramMediaRequest.m */ = {isa = PBXFileReference; fileEncoding = 4; lastKnownFileType = sourcecode.c.objc; path = OLInstagramMediaRequest.m; sourceTree = "<group>"; };
		CD962199185B7928007FFBE6 /* OLInstagramMedia.h */ = {isa = PBXFileReference; fileEncoding = 4; lastKnownFileType = sourcecode.c.h; path = OLInstagramMedia.h; sourceTree = "<group>"; };
		CD96219A185B7928007FFBE6 /* OLInstagramMedia.m */ = {isa = PBXFileReference; fileEncoding = 4; lastKnownFileType = sourcecode.c.objc; path = OLInstagramMedia.m; sourceTree = "<group>"; };
		CD96219B185B7928007FFBE6 /* OLInstagramImagePickerConstants.h */ = {isa = PBXFileReference; fileEncoding = 4; lastKnownFileType = sourcecode.c.h; path = OLInstagramImagePickerConstants.h; sourceTree = "<group>"; };
		CD96219C185B7928007FFBE6 /* OLInstagramImagePickerConstants.m */ = {isa = PBXFileReference; fileEncoding = 4; lastKnownFileType = sourcecode.c.objc; path = OLInstagramImagePickerConstants.m; sourceTree = "<group>"; };
		CD9621A1185B7937007FFBE6 /* OLInstagramImagePickerCell.h */ = {isa = PBXFileReference; fileEncoding = 4; lastKnownFileType = sourcecode.c.h; path = OLInstagramImagePickerCell.h; sourceTree = "<group>"; };
		CD9621A2185B7937007FFBE6 /* OLInstagramImagePickerCell.m */ = {isa = PBXFileReference; fileEncoding = 4; lastKnownFileType = sourcecode.c.objc; path = OLInstagramImagePickerCell.m; sourceTree = "<group>"; };
/* End PBXFileReference section */

/* Begin PBXFrameworksBuildPhase section */
		CD962153185B77BF007FFBE6 /* Frameworks */ = {
			isa = PBXFrameworksBuildPhase;
			buildActionMask = 2147483647;
			files = (
				CD96215C185B77BF007FFBE6 /* CoreGraphics.framework in Frameworks */,
				CD96215E185B77BF007FFBE6 /* UIKit.framework in Frameworks */,
				CD96215A185B77BF007FFBE6 /* Foundation.framework in Frameworks */,
				475DF669E2016AD7BF730664 /* libPods-InstagramImagePicker.a in Frameworks */,
			);
			runOnlyForDeploymentPostprocessing = 0;
		};
		CD962174185B77BF007FFBE6 /* Frameworks */ = {
			isa = PBXFrameworksBuildPhase;
			buildActionMask = 2147483647;
			files = (
				CD962179185B77BF007FFBE6 /* XCTest.framework in Frameworks */,
				CD96217B185B77BF007FFBE6 /* UIKit.framework in Frameworks */,
				CD96217A185B77BF007FFBE6 /* Foundation.framework in Frameworks */,
			);
			runOnlyForDeploymentPostprocessing = 0;
		};
/* End PBXFrameworksBuildPhase section */

/* Begin PBXGroup section */
		1270DA7F1F8671310003A9A3 /* Resources */ = {
			isa = PBXGroup;
			children = (
				1270DA921F86713C0003A9A3 /* Images */,
				1270DA931F86715B0003A9A3 /* XIB */,
			);
			path = Resources;
			sourceTree = "<group>";
		};
		1270DA921F86713C0003A9A3 /* Images */ = {
			isa = PBXGroup;
			children = (
				1270DA801F8671310003A9A3 /* videocam_white.png */,
				1270DA821F8671310003A9A3 /* videocam_white@3x.png */,
				1270DA841F8671310003A9A3 /* videocam_white@2x.png */,
				1270DA861F8671310003A9A3 /* CTAssetsPickerChecked@2x.png */,
				1270DA871F8671310003A9A3 /* CTAssetsPickerChecked.png */,
			);
			name = Images;
			sourceTree = "<group>";
		};
		1270DA931F86715B0003A9A3 /* XIB */ = {
			isa = PBXGroup;
			children = (
				1270DA811F8671310003A9A3 /* OLInstagramImagePickerViewController.xib */,
				1270DA851F8671310003A9A3 /* OLInstagramLoginWebViewController.xib */,
			);
			name = XIB;
			sourceTree = "<group>";
		};
		867F9E69D09ECB90DEFB7532 /* Pods */ = {
			isa = PBXGroup;
			children = (
				3403DB5F154A3C46188C383D /* Pods-InstagramImagePicker.debug.xcconfig */,
				0C632759218AC3E6CE595F2F /* Pods-InstagramImagePicker.release.xcconfig */,
			);
			name = Pods;
			sourceTree = "<group>";
		};
		CD18F747185DE4A400CA2653 /* Private */ = {
			isa = PBXGroup;
			children = (
				CD962191185B7824007FFBE6 /* OLInstagramLoginWebViewController.h */,
				CD962192185B7824007FFBE6 /* OLInstagramLoginWebViewController.m */,
			);
			name = Private;
			sourceTree = "<group>";
		};
		CD18F748185DE4B300CA2653 /* Private */ = {
			isa = PBXGroup;
			children = (
				CD962197185B7928007FFBE6 /* OLInstagramMediaRequest.h */,
				CD962198185B7928007FFBE6 /* OLInstagramMediaRequest.m */,
				CD96219B185B7928007FFBE6 /* OLInstagramImagePickerConstants.h */,
				CD96219C185B7928007FFBE6 /* OLInstagramImagePickerConstants.m */,
			);
			name = Private;
			sourceTree = "<group>";
		};
		CD18F749185DE4CB00CA2653 /* Private */ = {
			isa = PBXGroup;
			children = (
				CD9621A1185B7937007FFBE6 /* OLInstagramImagePickerCell.h */,
				CD9621A2185B7937007FFBE6 /* OLInstagramImagePickerCell.m */,
				2E5BDC421CEDEA1D00257B1A /* OLInstagramImageDownloadDelegate.h */,
				2E5BDC431CEDEA1D00257B1A /* OLInstagramImageDownloadDelegate.m */,
				2E5BDC441CEDEA1D00257B1A /* OLInstagramImageDownloader.h */,
				2E5BDC451CEDEA1D00257B1A /* OLInstagramImageDownloader.m */,
				3D0D7AC41AC070F300746FC8 /* UIImageView+InstagramFadeIn.h */,
				3D0D7AC51AC070F300746FC8 /* UIImageView+InstagramFadeIn.m */,
			);
			name = Private;
			sourceTree = "<group>";
		};
		CD96214D185B77BF007FFBE6 = {
			isa = PBXGroup;
			children = (
				CD96218E185B77D8007FFBE6 /* Sample App */,
				CD96215F185B77BF007FFBE6 /* InstagramImagePicker */,
				CD96217E185B77BF007FFBE6 /* InstagramImagePickerTests */,
				CD962158185B77BF007FFBE6 /* Frameworks */,
				CD962157185B77BF007FFBE6 /* Products */,
				867F9E69D09ECB90DEFB7532 /* Pods */,
			);
			sourceTree = "<group>";
		};
		CD962157185B77BF007FFBE6 /* Products */ = {
			isa = PBXGroup;
			children = (
				CD962156185B77BF007FFBE6 /* InstagramImagePicker.app */,
				CD962177185B77BF007FFBE6 /* InstagramImagePickerTests.xctest */,
			);
			name = Products;
			sourceTree = "<group>";
		};
		CD962158185B77BF007FFBE6 /* Frameworks */ = {
			isa = PBXGroup;
			children = (
				CD962159185B77BF007FFBE6 /* Foundation.framework */,
				CD96215B185B77BF007FFBE6 /* CoreGraphics.framework */,
				CD96215D185B77BF007FFBE6 /* UIKit.framework */,
				CD962178185B77BF007FFBE6 /* XCTest.framework */,
				09D8107F4D92672EE8BD1762 /* libPods-InstagramImagePicker.a */,
			);
			name = Frameworks;
			sourceTree = "<group>";
		};
		CD96215F185B77BF007FFBE6 /* InstagramImagePicker */ = {
			isa = PBXGroup;
			children = (
				1270DA7F1F8671310003A9A3 /* Resources */,
				CD9621A0185B792C007FFBE6 /* View */,
				CD962196185B791E007FFBE6 /* Model */,
				CD962195185B783E007FFBE6 /* Controller */,
			);
			path = InstagramImagePicker;
			sourceTree = "<group>";
		};
		CD962160185B77BF007FFBE6 /* Supporting Files */ = {
			isa = PBXGroup;
			children = (
				CD962161185B77BF007FFBE6 /* InstagramImagePicker-Info.plist */,
				CD962162185B77BF007FFBE6 /* InfoPlist.strings */,
				CD962165185B77BF007FFBE6 /* main.m */,
				CD962167185B77BF007FFBE6 /* InstagramImagePicker-Prefix.pch */,
			);
			name = "Supporting Files";
			path = InstagramImagePicker;
			sourceTree = "<group>";
		};
		CD96217E185B77BF007FFBE6 /* InstagramImagePickerTests */ = {
			isa = PBXGroup;
			children = (
				CD962184185B77BF007FFBE6 /* InstagramImagePickerTests.m */,
				CD96217F185B77BF007FFBE6 /* Supporting Files */,
			);
			path = InstagramImagePickerTests;
			sourceTree = "<group>";
		};
		CD96217F185B77BF007FFBE6 /* Supporting Files */ = {
			isa = PBXGroup;
			children = (
				CD962180185B77BF007FFBE6 /* InstagramImagePickerTests-Info.plist */,
				CD962181185B77BF007FFBE6 /* InfoPlist.strings */,
			);
			name = "Supporting Files";
			sourceTree = "<group>";
		};
		CD96218E185B77D8007FFBE6 /* Sample App */ = {
			isa = PBXGroup;
			children = (
				3D9DE3AF1ADB1F2B001E1FA1 /* Default-568h@2x.png */,
				CD962168185B77BF007FFBE6 /* AppDelegate.h */,
				CD962169185B77BF007FFBE6 /* AppDelegate.m */,
				CD96216B185B77BF007FFBE6 /* Main.storyboard */,
				CD96216E185B77BF007FFBE6 /* ViewController.h */,
				CD96216F185B77BF007FFBE6 /* ViewController.m */,
				CD962160185B77BF007FFBE6 /* Supporting Files */,
			);
			name = "Sample App";
			sourceTree = "<group>";
		};
		CD962195185B783E007FFBE6 /* Controller */ = {
			isa = PBXGroup;
			children = (
				CD18F747185DE4A400CA2653 /* Private */,
				CD96218F185B7824007FFBE6 /* OLInstagramImagePickerController.h */,
				CD962190185B7824007FFBE6 /* OLInstagramImagePickerController.m */,
			);
			name = Controller;
			sourceTree = "<group>";
		};
		CD962196185B791E007FFBE6 /* Model */ = {
			isa = PBXGroup;
			children = (
				CD18F748185DE4B300CA2653 /* Private */,
				CD962199185B7928007FFBE6 /* OLInstagramMedia.h */,
				CD96219A185B7928007FFBE6 /* OLInstagramMedia.m */,
			);
			name = Model;
			sourceTree = "<group>";
		};
		CD9621A0185B792C007FFBE6 /* View */ = {
			isa = PBXGroup;
			children = (
				CD18F749185DE4CB00CA2653 /* Private */,
			);
			name = View;
			sourceTree = "<group>";
		};
/* End PBXGroup section */

/* Begin PBXNativeTarget section */
		CD962155185B77BF007FFBE6 /* InstagramImagePicker */ = {
			isa = PBXNativeTarget;
			buildConfigurationList = CD962188185B77BF007FFBE6 /* Build configuration list for PBXNativeTarget "InstagramImagePicker" */;
			buildPhases = (
				87141CB51C256ADA0791654F /* [CP] Check Pods Manifest.lock */,
				CD962152185B77BF007FFBE6 /* Sources */,
				CD962153185B77BF007FFBE6 /* Frameworks */,
				CD962154185B77BF007FFBE6 /* Resources */,
				41C2F13841C05A36F3383C1A /* [CP] Embed Pods Frameworks */,
				5779B639B4DF70A07FC476E4 /* [CP] Copy Pods Resources */,
			);
			buildRules = (
			);
			dependencies = (
			);
			name = InstagramImagePicker;
			productName = InstagramImagePicker;
			productReference = CD962156185B77BF007FFBE6 /* InstagramImagePicker.app */;
			productType = "com.apple.product-type.application";
		};
		CD962176185B77BF007FFBE6 /* InstagramImagePickerTests */ = {
			isa = PBXNativeTarget;
			buildConfigurationList = CD96218B185B77BF007FFBE6 /* Build configuration list for PBXNativeTarget "InstagramImagePickerTests" */;
			buildPhases = (
				CD962173185B77BF007FFBE6 /* Sources */,
				CD962174185B77BF007FFBE6 /* Frameworks */,
				CD962175185B77BF007FFBE6 /* Resources */,
			);
			buildRules = (
			);
			dependencies = (
				CD96217D185B77BF007FFBE6 /* PBXTargetDependency */,
			);
			name = InstagramImagePickerTests;
			productName = InstagramImagePickerTests;
			productReference = CD962177185B77BF007FFBE6 /* InstagramImagePickerTests.xctest */;
			productType = "com.apple.product-type.bundle.unit-test";
		};
/* End PBXNativeTarget section */

/* Begin PBXProject section */
		CD96214E185B77BF007FFBE6 /* Project object */ = {
			isa = PBXProject;
			attributes = {
				LastUpgradeCheck = 0630;
				ORGANIZATIONNAME = "Deon Botha";
				TargetAttributes = {
					CD962176185B77BF007FFBE6 = {
						TestTargetID = CD962155185B77BF007FFBE6;
					};
				};
			};
			buildConfigurationList = CD962151185B77BF007FFBE6 /* Build configuration list for PBXProject "InstagramImagePicker" */;
			compatibilityVersion = "Xcode 3.2";
			developmentRegion = English;
			hasScannedForEncodings = 0;
			knownRegions = (
				en,
				Base,
			);
			mainGroup = CD96214D185B77BF007FFBE6;
			productRefGroup = CD962157185B77BF007FFBE6 /* Products */;
			projectDirPath = "";
			projectRoot = "";
			targets = (
				CD962155185B77BF007FFBE6 /* InstagramImagePicker */,
				CD962176185B77BF007FFBE6 /* InstagramImagePickerTests */,
			);
		};
/* End PBXProject section */

/* Begin PBXResourcesBuildPhase section */
		CD962154185B77BF007FFBE6 /* Resources */ = {
			isa = PBXResourcesBuildPhase;
			buildActionMask = 2147483647;
			files = (
				1270DA8F1F8671350003A9A3 /* CTAssetsPickerChecked@2x.png in Resources */,
				CD962164185B77BF007FFBE6 /* InfoPlist.strings in Resources */,
				1270DA891F8671350003A9A3 /* videocam_white.png in Resources */,
				1270DA901F8671350003A9A3 /* CTAssetsPickerChecked.png in Resources */,
				1270DA8D1F8671350003A9A3 /* videocam_white@2x.png in Resources */,
				CD96216D185B77BF007FFBE6 /* Main.storyboard in Resources */,
				3D9DE3B01ADB1F2B001E1FA1 /* Default-568h@2x.png in Resources */,
				1270DA8A1F8671350003A9A3 /* OLInstagramImagePickerViewController.xib in Resources */,
				1270DA8E1F8671350003A9A3 /* OLInstagramLoginWebViewController.xib in Resources */,
				1270DA8B1F8671350003A9A3 /* videocam_white@3x.png in Resources */,
			);
			runOnlyForDeploymentPostprocessing = 0;
		};
		CD962175185B77BF007FFBE6 /* Resources */ = {
			isa = PBXResourcesBuildPhase;
			buildActionMask = 2147483647;
			files = (
				CD962183185B77BF007FFBE6 /* InfoPlist.strings in Resources */,
			);
			runOnlyForDeploymentPostprocessing = 0;
		};
/* End PBXResourcesBuildPhase section */

/* Begin PBXShellScriptBuildPhase section */
		41C2F13841C05A36F3383C1A /* [CP] Embed Pods Frameworks */ = {
			isa = PBXShellScriptBuildPhase;
			buildActionMask = 2147483647;
			files = (
			);
			inputPaths = (
			);
			name = "[CP] Embed Pods Frameworks";
			outputPaths = (
			);
			runOnlyForDeploymentPostprocessing = 0;
			shellPath = /bin/sh;
			shellScript = "\"${SRCROOT}/Pods/Target Support Files/Pods-InstagramImagePicker/Pods-InstagramImagePicker-frameworks.sh\"\n";
			showEnvVarsInLog = 0;
		};
		5779B639B4DF70A07FC476E4 /* [CP] Copy Pods Resources */ = {
			isa = PBXShellScriptBuildPhase;
			buildActionMask = 2147483647;
			files = (
			);
			inputPaths = (
			);
			name = "[CP] Copy Pods Resources";
			outputPaths = (
			);
			runOnlyForDeploymentPostprocessing = 0;
			shellPath = /bin/sh;
			shellScript = "\"${SRCROOT}/Pods/Target Support Files/Pods-InstagramImagePicker/Pods-InstagramImagePicker-resources.sh\"\n";
			showEnvVarsInLog = 0;
		};
		87141CB51C256ADA0791654F /* [CP] Check Pods Manifest.lock */ = {
			isa = PBXShellScriptBuildPhase;
			buildActionMask = 2147483647;
			files = (
			);
			inputPaths = (
				"${PODS_PODFILE_DIR_PATH}/Podfile.lock",
				"${PODS_ROOT}/Manifest.lock",
			);
			name = "[CP] Check Pods Manifest.lock";
			outputPaths = (
				"$(DERIVED_FILE_DIR)/Pods-InstagramImagePicker-checkManifestLockResult.txt",
			);
			runOnlyForDeploymentPostprocessing = 0;
			shellPath = /bin/sh;
			shellScript = "diff \"${PODS_PODFILE_DIR_PATH}/Podfile.lock\" \"${PODS_ROOT}/Manifest.lock\" > /dev/null\nif [ $? != 0 ] ; then\n    # print error to STDERR\n    echo \"error: The sandbox is not in sync with the Podfile.lock. Run 'pod install' or update your CocoaPods installation.\" >&2\n    exit 1\nfi\n# This output is used by Xcode 'outputs' to avoid re-running this script phase.\necho \"SUCCESS\" > \"${SCRIPT_OUTPUT_FILE_0}\"\n";
			showEnvVarsInLog = 0;
		};
/* End PBXShellScriptBuildPhase section */

/* Begin PBXSourcesBuildPhase section */
		CD962152185B77BF007FFBE6 /* Sources */ = {
			isa = PBXSourcesBuildPhase;
			buildActionMask = 2147483647;
			files = (
				2E5BDC461CEDEA1D00257B1A /* OLInstagramImageDownloadDelegate.m in Sources */,
				3D0D7AC61AC070F300746FC8 /* UIImageView+InstagramFadeIn.m in Sources */,
				CD96219D185B7928007FFBE6 /* OLInstagramMediaRequest.m in Sources */,
				CD96219F185B7928007FFBE6 /* OLInstagramImagePickerConstants.m in Sources */,
				CD962170185B77BF007FFBE6 /* ViewController.m in Sources */,
				CD96216A185B77BF007FFBE6 /* AppDelegate.m in Sources */,
				CD96219E185B7928007FFBE6 /* OLInstagramMedia.m in Sources */,
				2E5BDC471CEDEA1D00257B1A /* OLInstagramImageDownloader.m in Sources */,
				CD9621A3185B7937007FFBE6 /* OLInstagramImagePickerCell.m in Sources */,
				CD962166185B77BF007FFBE6 /* main.m in Sources */,
				CD962193185B7824007FFBE6 /* OLInstagramImagePickerController.m in Sources */,
				CD962194185B7824007FFBE6 /* OLInstagramLoginWebViewController.m in Sources */,
			);
			runOnlyForDeploymentPostprocessing = 0;
		};
		CD962173185B77BF007FFBE6 /* Sources */ = {
			isa = PBXSourcesBuildPhase;
			buildActionMask = 2147483647;
			files = (
				CD962185185B77BF007FFBE6 /* InstagramImagePickerTests.m in Sources */,
			);
			runOnlyForDeploymentPostprocessing = 0;
		};
/* End PBXSourcesBuildPhase section */

/* Begin PBXTargetDependency section */
		CD96217D185B77BF007FFBE6 /* PBXTargetDependency */ = {
			isa = PBXTargetDependency;
			target = CD962155185B77BF007FFBE6 /* InstagramImagePicker */;
			targetProxy = CD96217C185B77BF007FFBE6 /* PBXContainerItemProxy */;
		};
/* End PBXTargetDependency section */

/* Begin PBXVariantGroup section */
		CD962162185B77BF007FFBE6 /* InfoPlist.strings */ = {
			isa = PBXVariantGroup;
			children = (
				CD962163185B77BF007FFBE6 /* en */,
			);
			name = InfoPlist.strings;
			sourceTree = "<group>";
		};
		CD96216B185B77BF007FFBE6 /* Main.storyboard */ = {
			isa = PBXVariantGroup;
			children = (
				CD96216C185B77BF007FFBE6 /* Base */,
			);
			name = Main.storyboard;
			path = InstagramImagePicker;
			sourceTree = "<group>";
		};
		CD962181185B77BF007FFBE6 /* InfoPlist.strings */ = {
			isa = PBXVariantGroup;
			children = (
				CD962182185B77BF007FFBE6 /* en */,
			);
			name = InfoPlist.strings;
			sourceTree = "<group>";
		};
/* End PBXVariantGroup section */

/* Begin XCBuildConfiguration section */
		CD962186185B77BF007FFBE6 /* Debug */ = {
			isa = XCBuildConfiguration;
			buildSettings = {
				ALWAYS_SEARCH_USER_PATHS = NO;
				CLANG_CXX_LANGUAGE_STANDARD = "gnu++0x";
				CLANG_CXX_LIBRARY = "libc++";
				CLANG_ENABLE_MODULES = YES;
				CLANG_ENABLE_OBJC_ARC = YES;
				CLANG_WARN_BOOL_CONVERSION = YES;
				CLANG_WARN_CONSTANT_CONVERSION = YES;
				CLANG_WARN_DIRECT_OBJC_ISA_USAGE = YES_ERROR;
				CLANG_WARN_EMPTY_BODY = YES;
				CLANG_WARN_ENUM_CONVERSION = YES;
				CLANG_WARN_INT_CONVERSION = YES;
				CLANG_WARN_OBJC_ROOT_CLASS = YES_ERROR;
				CLANG_WARN__DUPLICATE_METHOD_MATCH = YES;
				"CODE_SIGN_IDENTITY[sdk=iphoneos*]" = "iPhone Developer";
				COPY_PHASE_STRIP = NO;
				GCC_C_LANGUAGE_STANDARD = gnu99;
				GCC_DYNAMIC_NO_PIC = NO;
				GCC_OPTIMIZATION_LEVEL = 0;
				GCC_PREPROCESSOR_DEFINITIONS = (
					"DEBUG=1",
					"$(inherited)",
				);
				GCC_SYMBOLS_PRIVATE_EXTERN = NO;
				GCC_WARN_64_TO_32_BIT_CONVERSION = YES;
				GCC_WARN_ABOUT_RETURN_TYPE = YES_ERROR;
				GCC_WARN_UNDECLARED_SELECTOR = YES;
				GCC_WARN_UNINITIALIZED_AUTOS = YES;
				GCC_WARN_UNUSED_FUNCTION = YES;
				GCC_WARN_UNUSED_VARIABLE = YES;
				IPHONEOS_DEPLOYMENT_TARGET = 9.0;
				ONLY_ACTIVE_ARCH = YES;
				SDKROOT = iphoneos;
			};
			name = Debug;
		};
		CD962187185B77BF007FFBE6 /* Release */ = {
			isa = XCBuildConfiguration;
			buildSettings = {
				ALWAYS_SEARCH_USER_PATHS = NO;
				CLANG_CXX_LANGUAGE_STANDARD = "gnu++0x";
				CLANG_CXX_LIBRARY = "libc++";
				CLANG_ENABLE_MODULES = YES;
				CLANG_ENABLE_OBJC_ARC = YES;
				CLANG_WARN_BOOL_CONVERSION = YES;
				CLANG_WARN_CONSTANT_CONVERSION = YES;
				CLANG_WARN_DIRECT_OBJC_ISA_USAGE = YES_ERROR;
				CLANG_WARN_EMPTY_BODY = YES;
				CLANG_WARN_ENUM_CONVERSION = YES;
				CLANG_WARN_INT_CONVERSION = YES;
				CLANG_WARN_OBJC_ROOT_CLASS = YES_ERROR;
				CLANG_WARN__DUPLICATE_METHOD_MATCH = YES;
				"CODE_SIGN_IDENTITY[sdk=iphoneos*]" = "iPhone Developer";
				COPY_PHASE_STRIP = YES;
				ENABLE_NS_ASSERTIONS = NO;
				GCC_C_LANGUAGE_STANDARD = gnu99;
				GCC_WARN_64_TO_32_BIT_CONVERSION = YES;
				GCC_WARN_ABOUT_RETURN_TYPE = YES_ERROR;
				GCC_WARN_UNDECLARED_SELECTOR = YES;
				GCC_WARN_UNINITIALIZED_AUTOS = YES;
				GCC_WARN_UNUSED_FUNCTION = YES;
				GCC_WARN_UNUSED_VARIABLE = YES;
				IPHONEOS_DEPLOYMENT_TARGET = 9.0;
				SDKROOT = iphoneos;
				VALIDATE_PRODUCT = YES;
			};
			name = Release;
		};
		CD962189185B77BF007FFBE6 /* Debug */ = {
			isa = XCBuildConfiguration;
			baseConfigurationReference = 3403DB5F154A3C46188C383D /* Pods-InstagramImagePicker.debug.xcconfig */;
			buildSettings = {
				GCC_PRECOMPILE_PREFIX_HEADER = YES;
				GCC_PREFIX_HEADER = "InstagramImagePicker/InstagramImagePicker-Prefix.pch";
				INFOPLIST_FILE = "InstagramImagePicker/InstagramImagePicker-Info.plist";
				PRODUCT_NAME = "$(TARGET_NAME)";
				WRAPPER_EXTENSION = app;
			};
			name = Debug;
		};
		CD96218A185B77BF007FFBE6 /* Release */ = {
			isa = XCBuildConfiguration;
			baseConfigurationReference = 0C632759218AC3E6CE595F2F /* Pods-InstagramImagePicker.release.xcconfig */;
			buildSettings = {
				GCC_PRECOMPILE_PREFIX_HEADER = YES;
				GCC_PREFIX_HEADER = "InstagramImagePicker/InstagramImagePicker-Prefix.pch";
				INFOPLIST_FILE = "InstagramImagePicker/InstagramImagePicker-Info.plist";
				PRODUCT_NAME = "$(TARGET_NAME)";
				WRAPPER_EXTENSION = app;
			};
			name = Release;
		};
		CD96218C185B77BF007FFBE6 /* Debug */ = {
			isa = XCBuildConfiguration;
			buildSettings = {
				BUNDLE_LOADER = "$(BUILT_PRODUCTS_DIR)/InstagramImagePicker.app/InstagramImagePicker";
				FRAMEWORK_SEARCH_PATHS = (
					"$(SDKROOT)/Developer/Library/Frameworks",
					"$(inherited)",
					"$(DEVELOPER_FRAMEWORKS_DIR)",
				);
				GCC_PRECOMPILE_PREFIX_HEADER = YES;
				GCC_PREFIX_HEADER = "InstagramImagePicker/InstagramImagePicker-Prefix.pch";
				GCC_PREPROCESSOR_DEFINITIONS = (
					"DEBUG=1",
					"$(inherited)",
				);
				INFOPLIST_FILE = "InstagramImagePickerTests/InstagramImagePickerTests-Info.plist";
				PRODUCT_NAME = "$(TARGET_NAME)";
				TEST_HOST = "$(BUNDLE_LOADER)";
				WRAPPER_EXTENSION = xctest;
			};
			name = Debug;
		};
		CD96218D185B77BF007FFBE6 /* Release */ = {
			isa = XCBuildConfiguration;
			buildSettings = {
				BUNDLE_LOADER = "$(BUILT_PRODUCTS_DIR)/InstagramImagePicker.app/InstagramImagePicker";
				FRAMEWORK_SEARCH_PATHS = (
					"$(SDKROOT)/Developer/Library/Frameworks",
					"$(inherited)",
					"$(DEVELOPER_FRAMEWORKS_DIR)",
				);
				GCC_PRECOMPILE_PREFIX_HEADER = YES;
				GCC_PREFIX_HEADER = "InstagramImagePicker/InstagramImagePicker-Prefix.pch";
				INFOPLIST_FILE = "InstagramImagePickerTests/InstagramImagePickerTests-Info.plist";
				PRODUCT_NAME = "$(TARGET_NAME)";
				TEST_HOST = "$(BUNDLE_LOADER)";
				WRAPPER_EXTENSION = xctest;
			};
			name = Release;
		};
/* End XCBuildConfiguration section */

/* Begin XCConfigurationList section */
		CD962151185B77BF007FFBE6 /* Build configuration list for PBXProject "InstagramImagePicker" */ = {
			isa = XCConfigurationList;
			buildConfigurations = (
				CD962186185B77BF007FFBE6 /* Debug */,
				CD962187185B77BF007FFBE6 /* Release */,
			);
			defaultConfigurationIsVisible = 0;
			defaultConfigurationName = Release;
		};
		CD962188185B77BF007FFBE6 /* Build configuration list for PBXNativeTarget "InstagramImagePicker" */ = {
			isa = XCConfigurationList;
			buildConfigurations = (
				CD962189185B77BF007FFBE6 /* Debug */,
				CD96218A185B77BF007FFBE6 /* Release */,
			);
			defaultConfigurationIsVisible = 0;
			defaultConfigurationName = Release;
		};
		CD96218B185B77BF007FFBE6 /* Build configuration list for PBXNativeTarget "InstagramImagePickerTests" */ = {
			isa = XCConfigurationList;
			buildConfigurations = (
				CD96218C185B77BF007FFBE6 /* Debug */,
				CD96218D185B77BF007FFBE6 /* Release */,
			);
			defaultConfigurationIsVisible = 0;
			defaultConfigurationName = Release;
		};
/* End XCConfigurationList section */
	};
	rootObject = CD96214E185B77BF007FFBE6 /* Project object */;
}
